
Microsoft Visual Studio Solution File, Format Version 12.00
# Visual Studio Version 16
VisualStudioVersion = 16.0.30413.136
MinimumVisualStudioVersion = 10.0.40219.1
Project("{8BC9CEB8-8B4A-11D0-8D11-00A0C91BC942}") = "maze", "maze\maze.vcxproj", "{A7D062A9-6D72-4773-9B7D-F1EBC7866A07}"
EndProject
Global
	GlobalSection(SolutionConfigurationPlatforms) = preSolution
		Debug|x64 = Debug|x64
		Debug|x86 = Debug|x86
		Release|x64 = Release|x64
		Release|x86 = Release|x86
	EndGlobalSection
	GlobalSection(ProjectConfigurationPlatforms) = postSolution
		{A7D062A9-6D72-4773-9B7D-F1EBC7866A07}.Debug|x64.ActiveCfg = Debug|x64
		{A7D062A9-6D72-4773-9B7D-F1EBC7866A07}.Debug|x64.Build.0 = Debug|x64
		{A7D062A9-6D72-4773-9B7D-F1EBC7866A07}.Debug|x86.ActiveCfg = Debug|Win32
		{A7D062A9-6D72-4773-9B7D-F1EBC7866A07}.Debug|x86.Build.0 = Debug|Win32
		{A7D062A9-6D72-4773-9B7D-F1EBC7866A07}.Release|x64.ActiveCfg = Release|x64
		{A7D062A9-6D72-4773-9B7D-F1EBC7866A07}.Release|x64.Build.0 = Release|x64
		{A7D062A9-6D72-4773-9B7D-F1EBC7866A07}.Release|x86.ActiveCfg = Release|Win32
		{A7D062A9-6D72-4773-9B7D-F1EBC7866A07}.Release|x86.Build.0 = Release|Win32
	EndGlobalSection
	GlobalSection(SolutionProperties) = preSolution
		HideSolutionNode = FALSE
	EndGlobalSection
	GlobalSection(ExtensibilityGlobals) = postSolution
		SolutionGuid = {4024F83B-AC27-427F-9F12-23FB446D456F}
	EndGlobalSection
EndGlobal
